
Microsoft Visual Studio Solution File, Format Version 12.00
# Visual Studio 15
VisualStudioVersion = 15.0.28010.2003
MinimumVisualStudioVersion = 10.0.40219.1
Project("{FAE04EC0-301F-11D3-BF4B-00C04F79EFBC}") = "ForgeTest", "ForgeTest\ForgeTest.csproj", "{9BDC0DBF-8F82-450A-BD8B-7E74DF0A7C9C}"
EndProject
Project("{2150E333-8FDC-42A3-9474-1A3956D46DE8}") = "ForgeAPI", "ForgeAPI", "{BC017404-2FBA-4C84-84DB-D3FDF93AD6B4}"
EndProject
Project("{9A19103F-16F7-4668-BE54-9A1E7A4F7556}") = "ForgeAPI.Implementation", "ForgeAPI\ForgeAPI.Implementation\ForgeAPI.Implementation.csproj", "{02933FE6-7D00-4ADB-88B4-D6AB37715086}"
EndProject
Project("{9A19103F-16F7-4668-BE54-9A1E7A4F7556}") = "ForgeAPI.Interface", "ForgeAPI\ForgeAPI.Interface\ForgeAPI.Interface.csproj", "{CCACC704-61D7-407C-892A-4C365BF3FF60}"
EndProject
Project("{9A19103F-16F7-4668-BE54-9A1E7A4F7556}") = "InventorLib", "InventorLib\InventorLib.csproj", "{416C3A97-8C65-44D6-AB20-F44A86FEE28E}"
EndProject
Project("{2150E333-8FDC-42A3-9474-1A3956D46DE8}") = "AppBundles", "AppBundles", "{56CE0036-DA2B-4CAF-8617-7811C1CF3BEB}"
EndProject
Project("{FAE04EC0-301F-11D3-BF4B-00C04F79EFBC}") = "StandardPartProcessing", "AppBundles\StandardPartProcessing\StandardPartProcessing.csproj", "{E45265DF-5A3D-4508-876C-3C3D78E9B62E}"
EndProject
Project("{2150E333-8FDC-42A3-9474-1A3956D46DE8}") = "_3rdParty", "_3rdParty", "{2082042B-1726-4445-B592-C85E3FCA6C5C}"
	ProjectSection(SolutionItems) = preProject
		_3rdParty\autodesk.inventor.interop.dll = _3rdParty\autodesk.inventor.interop.dll
		_3rdParty\SpreadsheetGear2012.dll = _3rdParty\SpreadsheetGear2012.dll
		_3rdParty\SpreadsheetGear2012.xml = _3rdParty\SpreadsheetGear2012.xml
	EndProjectSection
EndProject
Project("{9A19103F-16F7-4668-BE54-9A1E7A4F7556}") = "UnitViewer.API", "UnitViewer\UnitViewer.API\UnitViewer.API.csproj", "{AD278430-2085-41B7-9D68-76CE452FA128}"
EndProject
Project("{2150E333-8FDC-42A3-9474-1A3956D46DE8}") = "UnitViewer", "UnitViewer", "{F85A5405-8AA6-48D6-9F71-44384187E4C1}"
EndProject
Project("{9A19103F-16F7-4668-BE54-9A1E7A4F7556}") = "UnitViewer.Client", "UnitViewer\UnitViewer.Client\UnitViewer.Client.csproj", "{4BE76B0C-EC7B-4CE1-941F-4114C6573C65}"
EndProject
Project("{9A19103F-16F7-4668-BE54-9A1E7A4F7556}") = "ForgeAPI.Autofac", "ForgeAPI\ForgeAPI.Autofac\ForgeAPI.Autofac.csproj", "{D515DD2E-7E2F-4E8E-8B02-057A10D6C4F8}"
EndProject
Project("{9A19103F-16F7-4668-BE54-9A1E7A4F7556}") = "ForgeAPI.AspNet", "ForgeAPI\ForgeAPI.AspNet\ForgeAPI.AspNet.csproj", "{509337FF-ED5A-4500-A6EF-1FB969A644E4}"
EndProject
Project("{9A19103F-16F7-4668-BE54-9A1E7A4F7556}") = "JSONFormatters", "JSONFormatters\JSONFormatters.csproj", "{4F36CB17-DAEB-4278-B8A9-FA05F8BD660B}"
EndProject
Project("{2150E333-8FDC-42A3-9474-1A3956D46DE8}") = "DXF", "DXF", "{4FBFA477-B05B-4934-8D7C-D89F9594F175}"
EndProject
Project("{9A19103F-16F7-4668-BE54-9A1E7A4F7556}") = "DXFLib", "DXF\DXFLib\DXFLib.csproj", "{E61B9DA2-120D-4F08-83FB-D1C45D006454}"
EndProject
Project("{9A19103F-16F7-4668-BE54-9A1E7A4F7556}") = "BoundaryDXFNative", "DXF\BoundaryDXFNative\BoundaryDXFNative.csproj", "{B5D98842-5C66-4CEF-8BD6-5607BE98F144}"
EndProject
Project("{9A19103F-16F7-4668-BE54-9A1E7A4F7556}") = "DXFProcessor", "DXFProcessor\DXFProcessor.csproj", "{EF1D3838-C75F-4A8A-B21D-B5A04CA33BF8}"
EndProject
Project("{2150E333-8FDC-42A3-9474-1A3956D46DE8}") = "AppBundleRunners", "AppBundleRunners", "{ECBCC1F0-2B37-4018-A7FA-39723FA7AECF}"
EndProject
Project("{FAE04EC0-301F-11D3-BF4B-00C04F79EFBC}") = "Run_StandardPartProcessing", "AppBundleRunners\Run_StandardPartProcessing\Run_StandardPartProcessing.csproj", "{3DBF5A52-7632-44B3-BB66-539D44BB2143}"
EndProject
Project("{FAE04EC0-301F-11D3-BF4B-00C04F79EFBC}") = "InventorConnector", "InventorConnector\InventorConnector.csproj", "{A3ECD75F-2CAD-4C83-8447-0F2AD52C9B77}"
EndProject
Global
	GlobalSection(SolutionConfigurationPlatforms) = preSolution
		Debug|Any CPU = Debug|Any CPU
		Release|Any CPU = Release|Any CPU
	EndGlobalSection
	GlobalSection(ProjectConfigurationPlatforms) = postSolution
		{9BDC0DBF-8F82-450A-BD8B-7E74DF0A7C9C}.Debug|Any CPU.ActiveCfg = Debug|Any CPU
		{9BDC0DBF-8F82-450A-BD8B-7E74DF0A7C9C}.Debug|Any CPU.Build.0 = Debug|Any CPU
		{9BDC0DBF-8F82-450A-BD8B-7E74DF0A7C9C}.Release|Any CPU.ActiveCfg = Release|Any CPU
		{9BDC0DBF-8F82-450A-BD8B-7E74DF0A7C9C}.Release|Any CPU.Build.0 = Release|Any CPU
		{02933FE6-7D00-4ADB-88B4-D6AB37715086}.Debug|Any CPU.ActiveCfg = Debug|Any CPU
		{02933FE6-7D00-4ADB-88B4-D6AB37715086}.Debug|Any CPU.Build.0 = Debug|Any CPU
		{02933FE6-7D00-4ADB-88B4-D6AB37715086}.Release|Any CPU.ActiveCfg = Release|Any CPU
		{02933FE6-7D00-4ADB-88B4-D6AB37715086}.Release|Any CPU.Build.0 = Release|Any CPU
		{CCACC704-61D7-407C-892A-4C365BF3FF60}.Debug|Any CPU.ActiveCfg = Debug|Any CPU
		{CCACC704-61D7-407C-892A-4C365BF3FF60}.Debug|Any CPU.Build.0 = Debug|Any CPU
		{CCACC704-61D7-407C-892A-4C365BF3FF60}.Release|Any CPU.ActiveCfg = Release|Any CPU
		{CCACC704-61D7-407C-892A-4C365BF3FF60}.Release|Any CPU.Build.0 = Release|Any CPU
		{416C3A97-8C65-44D6-AB20-F44A86FEE28E}.Debug|Any CPU.ActiveCfg = Debug|Any CPU
		{416C3A97-8C65-44D6-AB20-F44A86FEE28E}.Debug|Any CPU.Build.0 = Debug|Any CPU
		{416C3A97-8C65-44D6-AB20-F44A86FEE28E}.Release|Any CPU.ActiveCfg = Release|Any CPU
		{416C3A97-8C65-44D6-AB20-F44A86FEE28E}.Release|Any CPU.Build.0 = Release|Any CPU
		{E45265DF-5A3D-4508-876C-3C3D78E9B62E}.Debug|Any CPU.ActiveCfg = Debug|Any CPU
		{E45265DF-5A3D-4508-876C-3C3D78E9B62E}.Debug|Any CPU.Build.0 = Debug|Any CPU
		{E45265DF-5A3D-4508-876C-3C3D78E9B62E}.Release|Any CPU.ActiveCfg = Release|Any CPU
		{E45265DF-5A3D-4508-876C-3C3D78E9B62E}.Release|Any CPU.Build.0 = Release|Any CPU
		{AD278430-2085-41B7-9D68-76CE452FA128}.Debug|Any CPU.ActiveCfg = Debug|Any CPU
		{AD278430-2085-41B7-9D68-76CE452FA128}.Debug|Any CPU.Build.0 = Debug|Any CPU
		{AD278430-2085-41B7-9D68-76CE452FA128}.Release|Any CPU.ActiveCfg = Release|Any CPU
		{AD278430-2085-41B7-9D68-76CE452FA128}.Release|Any CPU.Build.0 = Release|Any CPU
		{4BE76B0C-EC7B-4CE1-941F-4114C6573C65}.Debug|Any CPU.ActiveCfg = Debug|Any CPU
		{4BE76B0C-EC7B-4CE1-941F-4114C6573C65}.Release|Any CPU.ActiveCfg = Release|Any CPU
		{4BE76B0C-EC7B-4CE1-941F-4114C6573C65}.Release|Any CPU.Build.0 = Release|Any CPU
		{D515DD2E-7E2F-4E8E-8B02-057A10D6C4F8}.Debug|Any CPU.ActiveCfg = Debug|Any CPU
		{D515DD2E-7E2F-4E8E-8B02-057A10D6C4F8}.Debug|Any CPU.Build.0 = Debug|Any CPU
		{D515DD2E-7E2F-4E8E-8B02-057A10D6C4F8}.Release|Any CPU.ActiveCfg = Release|Any CPU
		{D515DD2E-7E2F-4E8E-8B02-057A10D6C4F8}.Release|Any CPU.Build.0 = Release|Any CPU
		{509337FF-ED5A-4500-A6EF-1FB969A644E4}.Debug|Any CPU.ActiveCfg = Debug|Any CPU
		{509337FF-ED5A-4500-A6EF-1FB969A644E4}.Debug|Any CPU.Build.0 = Debug|Any CPU
		{509337FF-ED5A-4500-A6EF-1FB969A644E4}.Release|Any CPU.ActiveCfg = Release|Any CPU
		{509337FF-ED5A-4500-A6EF-1FB969A644E4}.Release|Any CPU.Build.0 = Release|Any CPU
		{4F36CB17-DAEB-4278-B8A9-FA05F8BD660B}.Debug|Any CPU.ActiveCfg = Debug|Any CPU
		{4F36CB17-DAEB-4278-B8A9-FA05F8BD660B}.Debug|Any CPU.Build.0 = Debug|Any CPU
		{4F36CB17-DAEB-4278-B8A9-FA05F8BD660B}.Release|Any CPU.ActiveCfg = Release|Any CPU
		{4F36CB17-DAEB-4278-B8A9-FA05F8BD660B}.Release|Any CPU.Build.0 = Release|Any CPU
		{E61B9DA2-120D-4F08-83FB-D1C45D006454}.Debug|Any CPU.ActiveCfg = Debug|Any CPU
		{E61B9DA2-120D-4F08-83FB-D1C45D006454}.Debug|Any CPU.Build.0 = Debug|Any CPU
		{E61B9DA2-120D-4F08-83FB-D1C45D006454}.Release|Any CPU.ActiveCfg = Release|Any CPU
		{E61B9DA2-120D-4F08-83FB-D1C45D006454}.Release|Any CPU.Build.0 = Release|Any CPU
		{B5D98842-5C66-4CEF-8BD6-5607BE98F144}.Debug|Any CPU.ActiveCfg = Debug|Any CPU
		{B5D98842-5C66-4CEF-8BD6-5607BE98F144}.Debug|Any CPU.Build.0 = Debug|Any CPU
		{B5D98842-5C66-4CEF-8BD6-5607BE98F144}.Release|Any CPU.ActiveCfg = Release|Any CPU
		{B5D98842-5C66-4CEF-8BD6-5607BE98F144}.Release|Any CPU.Build.0 = Release|Any CPU
		{EF1D3838-C75F-4A8A-B21D-B5A04CA33BF8}.Debug|Any CPU.ActiveCfg = Debug|Any CPU
		{EF1D3838-C75F-4A8A-B21D-B5A04CA33BF8}.Debug|Any CPU.Build.0 = Debug|Any CPU
		{EF1D3838-C75F-4A8A-B21D-B5A04CA33BF8}.Release|Any CPU.ActiveCfg = Release|Any CPU
		{EF1D3838-C75F-4A8A-B21D-B5A04CA33BF8}.Release|Any CPU.Build.0 = Release|Any CPU
		{3DBF5A52-7632-44B3-BB66-539D44BB2143}.Debug|Any CPU.ActiveCfg = Debug|Any CPU
		{3DBF5A52-7632-44B3-BB66-539D44BB2143}.Debug|Any CPU.Build.0 = Debug|Any CPU
		{3DBF5A52-7632-44B3-BB66-539D44BB2143}.Release|Any CPU.ActiveCfg = Release|Any CPU
		{3DBF5A52-7632-44B3-BB66-539D44BB2143}.Release|Any CPU.Build.0 = Release|Any CPU
		{A3ECD75F-2CAD-4C83-8447-0F2AD52C9B77}.Debug|Any CPU.ActiveCfg = Debug|Any CPU
		{A3ECD75F-2CAD-4C83-8447-0F2AD52C9B77}.Debug|Any CPU.Build.0 = Debug|Any CPU
		{A3ECD75F-2CAD-4C83-8447-0F2AD52C9B77}.Release|Any CPU.ActiveCfg = Release|Any CPU
		{A3ECD75F-2CAD-4C83-8447-0F2AD52C9B77}.Release|Any CPU.Build.0 = Release|Any CPU
	EndGlobalSection
	GlobalSection(SolutionProperties) = preSolution
		HideSolutionNode = FALSE
	EndGlobalSection
	GlobalSection(NestedProjects) = preSolution
		{02933FE6-7D00-4ADB-88B4-D6AB37715086} = {BC017404-2FBA-4C84-84DB-D3FDF93AD6B4}
		{CCACC704-61D7-407C-892A-4C365BF3FF60} = {BC017404-2FBA-4C84-84DB-D3FDF93AD6B4}
		{E45265DF-5A3D-4508-876C-3C3D78E9B62E} = {56CE0036-DA2B-4CAF-8617-7811C1CF3BEB}
		{AD278430-2085-41B7-9D68-76CE452FA128} = {F85A5405-8AA6-48D6-9F71-44384187E4C1}
		{4BE76B0C-EC7B-4CE1-941F-4114C6573C65} = {F85A5405-8AA6-48D6-9F71-44384187E4C1}
		{D515DD2E-7E2F-4E8E-8B02-057A10D6C4F8} = {BC017404-2FBA-4C84-84DB-D3FDF93AD6B4}
		{509337FF-ED5A-4500-A6EF-1FB969A644E4} = {BC017404-2FBA-4C84-84DB-D3FDF93AD6B4}
		{E61B9DA2-120D-4F08-83FB-D1C45D006454} = {4FBFA477-B05B-4934-8D7C-D89F9594F175}
		{B5D98842-5C66-4CEF-8BD6-5607BE98F144} = {4FBFA477-B05B-4934-8D7C-D89F9594F175}
		{EF1D3838-C75F-4A8A-B21D-B5A04CA33BF8} = {4FBFA477-B05B-4934-8D7C-D89F9594F175}
		{3DBF5A52-7632-44B3-BB66-539D44BB2143} = {ECBCC1F0-2B37-4018-A7FA-39723FA7AECF}
	EndGlobalSection
	GlobalSection(ExtensibilityGlobals) = postSolution
		SolutionGuid = {78DEF430-5354-4285-BA60-AB16CB990E51}
	EndGlobalSection
EndGlobal
